
Microsoft Visual Studio Solution File, Format Version 12.00
# Visual Studio 15
VisualStudioVersion = 15.0.27130.2026
MinimumVisualStudioVersion = 10.0.40219.1
Project("{FAE04EC0-301F-11D3-BF4B-00C04F79EFBC}") = "task1", "task1\task1.csproj", "{4D02E34D-DFD0-4706-B4A3-5E20B6DC17B1}"
EndProject
Project("{FAE04EC0-301F-11D3-BF4B-00C04F79EFBC}") = "task2", "task2\task2.csproj", "{42C3A31F-08FE-488C-A02B-8E370ACB623B}"
EndProject
Global
	GlobalSection(SolutionConfigurationPlatforms) = preSolution
		Debug|Any CPU = Debug|Any CPU
		Release|Any CPU = Release|Any CPU
	EndGlobalSection
	GlobalSection(ProjectConfigurationPlatforms) = postSolution
		{4D02E34D-DFD0-4706-B4A3-5E20B6DC17B1}.Debug|Any CPU.ActiveCfg = Debug|Any CPU
		{4D02E34D-DFD0-4706-B4A3-5E20B6DC17B1}.Debug|Any CPU.Build.0 = Debug|Any CPU
		{4D02E34D-DFD0-4706-B4A3-5E20B6DC17B1}.Release|Any CPU.ActiveCfg = Release|Any CPU
		{4D02E34D-DFD0-4706-B4A3-5E20B6DC17B1}.Release|Any CPU.Build.0 = Release|Any CPU
		{42C3A31F-08FE-488C-A02B-8E370ACB623B}.Debug|Any CPU.ActiveCfg = Debug|Any CPU
		{42C3A31F-08FE-488C-A02B-8E370ACB623B}.Debug|Any CPU.Build.0 = Debug|Any CPU
		{42C3A31F-08FE-488C-A02B-8E370ACB623B}.Release|Any CPU.ActiveCfg = Release|Any CPU
		{42C3A31F-08FE-488C-A02B-8E370ACB623B}.Release|Any CPU.Build.0 = Release|Any CPU
	EndGlobalSection
	GlobalSection(SolutionProperties) = preSolution
		HideSolutionNode = FALSE
	EndGlobalSection
	GlobalSection(ExtensibilityGlobals) = postSolution
		SolutionGuid = {D352E434-B5CA-4244-8EB7-C33821AB9885}
	EndGlobalSection
EndGlobal
